
Microsoft Visual Studio Solution File, Format Version 12.00
# Visual Studio Version 17
VisualStudioVersion = 17.9.34622.214
MinimumVisualStudioVersion = 10.0.40219.1
Project("{FAE04EC0-301F-11D3-BF4B-00C04F79EFBC}") = "exersice18", "exersice18\exersice18.csproj", "{DB76B738-E7C5-4988-8165-698386F3D77A}"
EndProject
Global
	GlobalSection(SolutionConfigurationPlatforms) = preSolution
		Debug|Any CPU = Debug|Any CPU
		Release|Any CPU = Release|Any CPU
	EndGlobalSection
	GlobalSection(ProjectConfigurationPlatforms) = postSolution
		{DB76B738-E7C5-4988-8165-698386F3D77A}.Debug|Any CPU.ActiveCfg = Debug|Any CPU
		{DB76B738-E7C5-4988-8165-698386F3D77A}.Debug|Any CPU.Build.0 = Debug|Any CPU
		{DB76B738-E7C5-4988-8165-698386F3D77A}.Release|Any CPU.ActiveCfg = Release|Any CPU
		{DB76B738-E7C5-4988-8165-698386F3D77A}.Release|Any CPU.Build.0 = Release|Any CPU
	EndGlobalSection
	GlobalSection(SolutionProperties) = preSolution
		HideSolutionNode = FALSE
	EndGlobalSection
	GlobalSection(ExtensibilityGlobals) = postSolution
		SolutionGuid = {38B3AA74-C144-4B22-91D0-169DA31565DA}
	EndGlobalSection
EndGlobal
